bitbucket.org/dtolpin/infergo v0.5.2-0.20190505115811-d2194c67baa0 h1:RKvyj9RL6zdNnrzJg2IOMT2xxYiQD1DnO55mLzIlqcA=
bitbucket.org/dtolpin/infergo v0.5.2-0.20190505115811-d2194c67baa0/go.mod h1:WlGUK0S56aPMj7wFXLLB1GfidyhF/ZJlw1H6zarv1yQ=
bitbucket.org/dtolpin/infergo v0.6.2 h1:r6p45bpd9iu5fImDgdoAYHg53qIHJ7B+gjikas3HaxU=
bitbucket.org/dtolpin/infergo v0.6.2/go.mod h1:WlGUK0S56aPMj7wFXLLB1GfidyhF/ZJlw1H6zarv1yQ=
bitbucket.org/dtolpin/infergo v0.6.3 h1:Sc+HsCYrStsoCjoPTmQV1ra6q+DBvnbdKOHVCEjavhk=
bitbucket.org/dtolpin/infergo v0.6.3/go.mod h1:WlGUK0S56aPMj7wFXLLB1GfidyhF/ZJlw1H6zarv1yQ=
golang.org/x/tools v0.0.0-20190125232054-d66bd3c5d5a6 h1:iZgcI2DDp6zW5v9Z/5+f0NuqoxNdmzg4hivjk2WLXpY=
golang.org/x/tools v0.0.0-20190125232054-d66bd3c5d5a6/go.mod h1:n7NCudcB/nEzxVGmLbDWY5pfWTLqBcC2KZ6jyYvM4mQ=
