bitbucket.org/dtolpin/infergo v0.2.2 h1:hrhPe1XidLEF0geHlcEWQzZeQzPPnqvURuGe0+lTwXM=
bitbucket.org/dtolpin/infergo v0.2.2/go.mod h1:Z/iawi5+ZUpLHdRfA5R/Njn49PB6LMZP5Lnw9Ezgspc=
bitbucket.org/dtolpin/infergo-studies v0.1.0 h1:WciqerUIcPV9sGFTq/u4FFAnQ9XEJpxv2lRgBRHaQCA=
github.com/shurcooL/go v0.0.0-20181202030253-914043390fc6 h1:VHgGV/aGTUGwyvGTH2sKulFIfZh8ql0K7YVOUPRB6r8=
github.com/shurcooL/go v0.0.0-20181202030253-914043390fc6/go.mod h1:TDJrrUr11Vxrven61rcy3hJMUqaf/CLWYhHNPmT14Lk=
github.com/shurcooL/go-goon v0.0.0-20170922171312-37c2f522c041 h1:llrF3Fs4018ePo4+G/HV/uQUqEI1HMDjCeOf2V6puPc=
github.com/shurcooL/go-goon v0.0.0-20170922171312-37c2f522c041/go.mod h1:N5mDOmsrJOB+vfqUK+7DmDyjhSLIIBnXo9lvZJj3MWQ=
github.com/shurcooL/goexec v0.0.0-20181022054255-67b40f7358c4 h1:816Y2d2QWcx+BQzmMFyKeGVzVeW8cIxNRFKJg1lDb0A=
github.com/shurcooL/goexec v0.0.0-20181022054255-67b40f7358c4/go.mod h1:0V15Gv9ZhqL5nNfb4X8CdLvnZv82NX7TkclWeAbwNrg=
golang.org/x/tools v0.0.0-20181122213734-04b5d21e00f1 h1:bsEj/LXbv3BCtkp/rBj9Wi/0Nde4OMaraIZpndHAhdI=
golang.org/x/tools v0.0.0-20181122213734-04b5d21e00f1/go.mod h1:n7NCudcB/nEzxVGmLbDWY5pfWTLqBcC2KZ6jyYvM4mQ=
golang.org/x/tools v0.0.0-20181213210126-fe2443f7b950 h1:TXhUh91A/zY5KvVrgVhMVAIwu8ikexq8+GC1Q2R5yLg=
golang.org/x/tools v0.0.0-20181213210126-fe2443f7b950/go.mod h1:n7NCudcB/nEzxVGmLbDWY5pfWTLqBcC2KZ6jyYvM4mQ=
