bitbucket.org/dtolpin/infergo v0.4.1 h1:QSO2yEDxzRxrN9DkzjEGJVE27z4+ocEa/p6Oeca3OJ4=
bitbucket.org/dtolpin/infergo v0.4.1/go.mod h1:WlGUK0S56aPMj7wFXLLB1GfidyhF/ZJlw1H6zarv1yQ=
github.com/shurcooL/go v0.0.0-20190330031554-6713ea532688 h1:p7kt1rmLjMUkAmuyY/GUZeCoOud+nq297UKCCgEqYmA=
github.com/shurcooL/go v0.0.0-20190330031554-6713ea532688/go.mod h1:TDJrrUr11Vxrven61rcy3hJMUqaf/CLWYhHNPmT14Lk=
github.com/shurcooL/go-goon v0.0.0-20170922171312-37c2f522c041 h1:llrF3Fs4018ePo4+G/HV/uQUqEI1HMDjCeOf2V6puPc=
github.com/shurcooL/go-goon v0.0.0-20170922171312-37c2f522c041/go.mod h1:N5mDOmsrJOB+vfqUK+7DmDyjhSLIIBnXo9lvZJj3MWQ=
github.com/shurcooL/goexec v0.0.0-20181215213458-76a6b9a99126 h1:DwrknIHyD6O682BNfrwbRh55wKTIKxzSQBTKIiK0998=
github.com/shurcooL/goexec v0.0.0-20181215213458-76a6b9a99126/go.mod h1:0V15Gv9ZhqL5nNfb4X8CdLvnZv82NX7TkclWeAbwNrg=
golang.org/x/tools v0.0.0-20190125232054-d66bd3c5d5a6 h1:iZgcI2DDp6zW5v9Z/5+f0NuqoxNdmzg4hivjk2WLXpY=
golang.org/x/tools v0.0.0-20190125232054-d66bd3c5d5a6/go.mod h1:n7NCudcB/nEzxVGmLbDWY5pfWTLqBcC2KZ6jyYvM4mQ=
