bitbucket.org/dtolpin/infergo v0.0.0-20181121150633-4d631be2a470 h1:WGBN0P6ggbsAO8IsEzauEFL/C9Yhu/kB0rwdz8PUU7o=
bitbucket.org/dtolpin/infergo v0.0.0-20181121150633-4d631be2a470/go.mod h1:ukLfFdlf5qdtBtfE0KyKQcF3IsoRHmKTEM6I2rRpnPY=
bitbucket.org/dtolpin/infergo v0.0.0-20181121210301-0ea59195f239 h1:VujZMGXY6lXvagu1AaiMexLB/FsKj6PtK2kb7zLRNgw=
bitbucket.org/dtolpin/infergo v0.0.0-20181121210301-0ea59195f239/go.mod h1:ukLfFdlf5qdtBtfE0KyKQcF3IsoRHmKTEM6I2rRpnPY=
bitbucket.org/dtolpin/infergo v0.0.0-20181121213917-8b1cf24a6ffc h1:ZZDnH7LhNFa9LJO0dfFmWf2iRejWVnE9BriAfRDb7Zo=
bitbucket.org/dtolpin/infergo v0.0.0-20181121213917-8b1cf24a6ffc/go.mod h1:ukLfFdlf5qdtBtfE0KyKQcF3IsoRHmKTEM6I2rRpnPY=
bitbucket.org/dtolpin/infergo v0.0.0-20181121214038-bc3726dd2d6c h1:RyDSOxHyG6jaspGH+hGm9WJoHDwsknQ85aRUEq883kU=
bitbucket.org/dtolpin/infergo v0.0.0-20181121214038-bc3726dd2d6c/go.mod h1:ukLfFdlf5qdtBtfE0KyKQcF3IsoRHmKTEM6I2rRpnPY=
golang.org/x/tools v0.0.0-20181105230042-78dc5bac0cac h1:0Nb35Izc6T6Yz1iGmRc4cg14cxRaFjbjD4hWFI6JNJ8=
golang.org/x/tools v0.0.0-20181105230042-78dc5bac0cac/go.mod h1:n7NCudcB/nEzxVGmLbDWY5pfWTLqBcC2KZ6jyYvM4mQ=
golang.org/x/tools v0.0.0-20181121193951-91f80e683c10 h1:6aZMfwu0xab6imbp0uu++D3WXR+p0+RDYOqqb0uY8KU=
golang.org/x/tools v0.0.0-20181121193951-91f80e683c10/go.mod h1:n7NCudcB/nEzxVGmLbDWY5pfWTLqBcC2KZ6jyYvM4mQ=
